{
  "nodes": {
    "home-manager": {
      "inputs": {
        "nixpkgs": [
          "nixpkgs"
        ]
      },
      "locked": {
        "lastModified": 1771851181,
        "narHash": "sha256-gFgE6mGUftwseV3DUENMb0k0EiHd739lZexPo5O/sdQ=",
        "owner": "nix-community",
        "repo": "home-manager",
        "rev": "9a4b494b1aa1b93d8edf167f46dc8e0c0011280c",
        "type": "github"
      },
      "original": {
        "owner": "nix-community",
        "repo": "home-manager",
        "type": "github"
      }
    },
    "nix-formatter-pack": {
      "inputs": {
        "nixpkgs": [
          "nixpkgs"
        ],
        "nmd": [
          "nmd"
        ],
        "nmt": "nmt"
      },
      "locked": {
        "lastModified": 1763721296,
        "narHash": "sha256-xWX9+lScfVcSejkwieNpeTYdNbyWY/dxf0mLjsy+9ek=",
        "owner": "Gerschtli",
        "repo": "nix-formatter-pack",
        "rev": "8ccdeef5cd29bc30ee881d425d53ef2ae884d64d",
        "type": "github"
      },
      "original": {
        "owner": "Gerschtli",
        "repo": "nix-formatter-pack",
        "type": "github"
      }
    },
    "nixpkgs": {
      "locked": {
        "lastModified": 1771978257,
        "narHash": "sha256-PSbpAHO5pf/hywo4OZ6P5o2rBtvtrPRp3Ta+SvALPMA=",
        "owner": "NixOS",
        "repo": "nixpkgs",
        "rev": "b9c641b2b7f593f940502073515d82414c842a87",
        "type": "github"
      },
      "original": {
        "owner": "NixOS",
        "ref": "nixos-unstable-small",
        "repo": "nixpkgs",
        "type": "github"
      }
    },
    "nixpkgs-docs": {
      "locked": {
        "lastModified": 1705957679,
        "narHash": "sha256-Q8LJaVZGJ9wo33wBafvZSzapYsjOaNjP/pOnSiKVGHY=",
        "owner": "NixOS",
        "repo": "nixpkgs",
        "rev": "9a333eaa80901efe01df07eade2c16d183761fa3",
        "type": "github"
      },
      "original": {
        "owner": "NixOS",
        "ref": "release-23.05",
        "repo": "nixpkgs",
        "type": "github"
      }
    },
    "nixpkgs-for-bootstrap": {
      "locked": {
        "lastModified": 1771992687,
        "narHash": "sha256-UYo+8RPiGVCn8b3KEc/n79K+MEEZytIbJ96NmeOaw5o=",
        "owner": "shelvacu-forks",
        "repo": "nixpkgs",
        "rev": "0100d989181d8a4098ce3730856b1d0bf6cc530f",
        "type": "github"
      },
      "original": {
        "owner": "shelvacu-forks",
        "ref": "staging-nix-on-droid",
        "repo": "nixpkgs",
        "type": "github"
      }
    },
    "nmd": {
      "inputs": {
        "nixpkgs": [
          "nixpkgs-docs"
        ],
        "scss-reset": "scss-reset"
      },
      "locked": {
        "lastModified": 1757277932,
        "narHash": "sha256-eW2AzE4HeJXHKxSGDcp35/VQyxeESBt4p9i8QIFrSE8=",
        "owner": "~rycee",
        "repo": "nmd",
        "rev": "055e814ac35379dece164a8413d336b57c5d2e0c",
        "type": "sourcehut"
      },
      "original": {
        "owner": "~rycee",
        "repo": "nmd",
        "type": "sourcehut"
      }
    },
    "nmt": {
      "flake": false,
      "locked": {
        "lastModified": 1648075362,
        "narHash": "sha256-u36WgzoA84dMVsGXzml4wZ5ckGgfnvS0ryzo/3zn/Pc=",
        "owner": "rycee",
        "repo": "nmt",
        "rev": "d83601002c99b78c89ea80e5e6ba21addcfe12ae",
        "type": "gitlab"
      },
      "original": {
        "owner": "rycee",
        "repo": "nmt",
        "type": "gitlab"
      }
    },
    "proot-termux": {
      "flake": false,
      "locked": {
        "lastModified": 1767749351,
        "narHash": "sha256-M5Dno17ZA7ftLjGsOvjY9+ABbnhORXRe+fRSkuCw/Q8=",
        "owner": "shelvacu-forks",
        "repo": "proot",
        "rev": "a0ccc143400d5a7a5642a23552dcf29cb9cc5ec4",
        "type": "github"
      },
      "original": {
        "owner": "shelvacu-forks",
        "ref": "with-notes",
        "repo": "proot",
        "type": "github"
      }
    },
    "root": {
      "inputs": {
        "home-manager": "home-manager",
        "nix-formatter-pack": "nix-formatter-pack",
        "nixpkgs": "nixpkgs",
        "nixpkgs-docs": "nixpkgs-docs",
        "nixpkgs-for-bootstrap": "nixpkgs-for-bootstrap",
        "nmd": "nmd",
        "proot-termux": "proot-termux"
      }
    },
    "scss-reset": {
      "flake": false,
      "locked": {
        "lastModified": 1631450058,
        "narHash": "sha256-muDlZJPtXDIGevSEWkicPP0HQ6VtucbkMNygpGlBEUM=",
        "owner": "andreymatin",
        "repo": "scss-reset",
        "rev": "0cf50e27a4e95e9bb5b1715eedf9c54dee1a5a91",
        "type": "github"
      },
      "original": {
        "owner": "andreymatin",
        "repo": "scss-reset",
        "type": "github"
      }
    }
  },
  "root": "root",
  "version": 7
}
